version = 1
revision = 3
requires-python = ">=3.11"

[[package]]
name = "colorama"
version = "0.4.6"
source = { registry = "https://pypi.org/simple" }
sdist = { url = "https://files.pythonhosted.org/packages/d8/53/6f443c9a4a8358a93a6792e2acffb9d9d5cb0a5cfd8802644b7b1c9a02e4/colorama-0.4.6.tar.gz", hash = "sha256:08695f5cb7ed6e0531a20572697297273c47b8cae5a63ffc6d6ed5c201be6e44", size = 27697, upload-time = "2022-10-25T02:36:22.414Z" }
wheels = [
    { url = "https://files.pythonhosted.org/packages/d1/d6/3965ed04c63042e047cb6a3e6ed1a63a35087b6a609aa3a15ed8ac56c221/colorama-0.4.6-py2.py3-none-any.whl", hash = "sha256:4f1d9991f5acc0ca119f9d443620b77f9d6b33703e51011c16baf57afb285fc6", size = 25335, upload-time = "2022-10-25T02:36:20.889Z" },
]

[[package]]
name = "iniconfig"
version = "2.1.0"
source = { registry = "https://pypi.org/simple" }
sdist = { url = "https://files.pythonhosted.org/packages/f2/97/ebf4da567aa6827c909642694d71c9fcf53e5b504f2d96afea02718862f3/iniconfig-2.1.0.tar.gz", hash = "sha256:3abbd2e30b36733fee78f9c7f7308f2d0050e88f0087fd25c2645f63c773e1c7", size = 4793, upload-time = "2025-03-19T20:09:59.721Z" }
wheels = [
    { url = "https://files.pythonhosted.org/packages/2c/e1/e6716421ea10d38022b952c159d5161ca1193197fb744506875fbb87ea7b/iniconfig-2.1.0-py3-none-any.whl", hash = "sha256:9deba5723312380e77435581c6bf4935c94cbfab9b1ed33ef8d238ea168eb760", size = 6050, upload-time = "2025-03-19T20:10:01.071Z" },
]

[[package]]
name = "maturin"
version = "1.9.1"
source = { registry = "https://pypi.org/simple" }
sdist = { url = "https://files.pythonhosted.org/packages/94/f7/73cf2ae0d6db943a627d28c09f5368735fce6b8b2ad1e1f6bcda2632c80a/maturin-1.9.1.tar.gz", hash = "sha256:97b52fb19d20c1fdc70e4efdc05d79853a4c9c0051030c93a793cd5181dc4ccd", size = 209757, upload-time = "2025-07-08T04:54:43.877Z" }
wheels = [
    { url = "https://files.pythonhosted.org/packages/48/f2/de43e8954092bd957fbdfbc5b978bf8be40f27aec1a4ebd65e57cfb3ec8a/maturin-1.9.1-py3-none-linux_armv6l.whl", hash = "sha256:fe8f59f9e387fb19635eab6b7381ef718e5dc7a328218e6da604c91f206cbb72", size = 8270244, upload-time = "2025-07-08T04:54:17.962Z" },
    { url = "https://files.pythonhosted.org/packages/b8/72/36966375c2c2bb2d66df4fa756cfcd54175773719b98d4b26a6b4d1f0bfc/maturin-1.9.1-py3-none-macosx_10_12_x86_64.macosx_11_0_arm64.macosx_10_12_universal2.whl", hash = "sha256:6a9c9d176f6df3a8ec1a4c9c72c8a49674ed13668a03c9ead5fab983bbeeb624", size = 16053959, upload-time = "2025-07-08T04:54:21.153Z" },
    { url = "https://files.pythonhosted.org/packages/c4/40/4e0da87e563333ff1605fef15bed5858c2a41c0c0404e47f20086f214473/maturin-1.9.1-py3-none-macosx_10_12_x86_64.whl", hash = "sha256:e14eedbc4369dda1347ce9ddc183ade7c513d9975b7ea2b9c9e4211fb74f597a", size = 8407170, upload-time = "2025-07-08T04:54:23.351Z" },
    { url = "https://files.pythonhosted.org/packages/d9/27/4b29614964c10370effcdfcf34ec57126c9a4b921b7a2c42a94ae3a59cb0/maturin-1.9.1-py3-none-manylinux_2_12_i686.manylinux2010_i686.musllinux_1_1_i686.whl", hash = "sha256:2f05f07bc887e010c44d32a088aea4f36a2104e301f51f408481e4e9759471a7", size = 8258775, upload-time = "2025-07-08T04:54:25.596Z" },
    { url = "https://files.pythonhosted.org/packages/e0/5b/b15ad53e1e6733d8798ce903d25d9e05aa3083b2544f1a6f863ea01dd50d/maturin-1.9.1-py3-none-manylinux_2_12_x86_64.manylinux2010_x86_64.musllinux_1_1_x86_64.whl", hash = "sha256:e7eb54db3aace213420cd545b24a149842e8d6b1fcec046d0346f299d8adfc34", size = 8787295, upload-time = "2025-07-08T04:54:27.154Z" },
    { url = "https://files.pythonhosted.org/packages/72/d8/b97f4767786eae63bb6b700b342766bcea88da98796bfee290bcddd99fd8/maturin-1.9.1-py3-none-manylinux_2_17_aarch64.manylinux2014_aarch64.musllinux_1_1_aarch64.whl", hash = "sha256:9d037a37b8ef005eebdea61eaf0e3053ebcad3b740162932fbc120db5fdf5653", size = 8053283, upload-time = "2025-07-08T04:54:28.953Z" },
    { url = "https://files.pythonhosted.org/packages/95/45/770fc005bceac81f5905c96f37c36f65fa9c3da3f4aa8d4e4d2a883aa967/maturin-1.9.1-py3-none-manylinux_2_17_armv7l.manylinux2014_armv7l.musllinux_1_1_armv7l.whl", hash = "sha256:7c26fb60d80e6a72a8790202bb14dbef956b831044f55d1ce4e2c2e915eb6124", size = 8127120, upload-time = "2025-07-08T04:54:30.779Z" },
    { url = "https://files.pythonhosted.org/packages/2f/a6/be684b4fce58f8b3a9d3b701c23961d5fe0e1710ed484e2216441997e74f/maturin-1.9.1-py3-none-manylinux_2_17_ppc64le.manylinux2014_ppc64le.musllinux_1_1_ppc64le.whl", hash = "sha256:e0a2c546c123ed97d1ee0c9cc80a912d9174913643c737c12adf4bce46603bb3", size = 10569627, upload-time = "2025-07-08T04:54:32.54Z" },
    { url = "https://files.pythonhosted.org/packages/24/ad/7f8a9d8a1b79c2ed6291aaaa22147c98efee729b23df2803c319dd658049/maturin-1.9.1-py3-none-manylinux_2_17_s390x.manylinux2014_s390x.whl", hash = "sha256:f5dde6fbcc36a1173fe74e6629fee36e89df76236247b64b23055f1f820bdf35", size = 8934678, upload-time = "2025-07-08T04:54:34.529Z" },
    { url = "https://files.pythonhosted.org/packages/59/5f/97ff670cb718a40ee21faf38e07e0d773573180de98ee453142e5f932052/maturin-1.9.1-py3-none-win32.whl", hash = "sha256:69d9f752f33a3c95062014f464cbd715e83a175f4601b76a9ce3db6ea18df976", size = 7261272, upload-time = "2025-07-08T04:54:36.584Z" },
    { url = "https://files.pythonhosted.org/packages/a6/07/c99058a73d0f7d8e8c87bf60c48a96c44f42ff4ef6a6ae4ca3821605bdd2/maturin-1.9.1-py3-none-win_amd64.whl", hash = "sha256:c8b71cf0f6a5f712ac1466641d520e2ce3fbe44104319a55d875cc8326dcdd61", size = 8280274, upload-time = "2025-07-08T04:54:38.343Z" },
    { url = "https://files.pythonhosted.org/packages/06/3d/74e75874b75fc82e4774f2ed78ad546fda3e127bae4a971db3611bdab285/maturin-1.9.1-py3-none-win_arm64.whl", hash = "sha256:0e6e2ddc83999ac3999576b06649a327536a51d57c917fa01416e40f53106bda", size = 6936614, upload-time = "2025-07-08T04:54:41.888Z" },
]

[[package]]
name = "packaging"
version = "25.0"
source = { registry = "https://pypi.org/simple" }
sdist = { url = "https://files.pythonhosted.org/packages/a1/d4/1fc4078c65507b51b96ca8f8c3ba19e6a61c8253c72794544580a7b6c24d/packaging-25.0.tar.gz", hash = "sha256:d443872c98d677bf60f6a1f2f8c1cb748e8fe762d2bf9d3148b5599295b0fc4f", size = 165727, upload-time = "2025-04-19T11:48:59.673Z" }
wheels = [
    { url = "https://files.pythonhosted.org/packages/20/12/38679034af332785aac8774540895e234f4d07f7545804097de4b666afd8/packaging-25.0-py3-none-any.whl", hash = "sha256:29572ef2b1f17581046b3a2227d5c611fb25ec70ca1ba8554b24b0e69331a484", size = 66469, upload-time = "2025-04-19T11:48:57.875Z" },
]

[[package]]
name = "pluggy"
version = "1.6.0"
source = { registry = "https://pypi.org/simple" }
sdist = { url = "https://files.pythonhosted.org/packages/f9/e2/3e91f31a7d2b083fe6ef3fa267035b518369d9511ffab804f839851d2779/pluggy-1.6.0.tar.gz", hash = "sha256:7dcc130b76258d33b90f61b658791dede3486c3e6bfb003ee5c9bfb396dd22f3", size = 69412, upload-time = "2025-05-15T12:30:07.975Z" }
wheels = [
    { url = "https://files.pythonhosted.org/packages/54/20/4d324d65cc6d9205fabedc306948156824eb9f0ee1633355a8f7ec5c66bf/pluggy-1.6.0-py3-none-any.whl", hash = "sha256:e920276dd6813095e9377c0bc5566d94c932c33b27a3e3945d8389c374dd4746", size = 20538, upload-time = "2025-05-15T12:30:06.134Z" },
]

[[package]]
name = "pygments"
version = "2.19.2"
source = { registry = "https://pypi.org/simple" }
sdist = { url = "https://files.pythonhosted.org/packages/b0/77/a5b8c569bf593b0140bde72ea885a803b82086995367bf2037de0159d924/pygments-2.19.2.tar.gz", hash = "sha256:636cb2477cec7f8952536970bc533bc43743542f70392ae026374600add5b887", size = 4968631, upload-time = "2025-06-21T13:39:12.283Z" }
wheels = [
    { url = "https://files.pythonhosted.org/packages/c7/21/705964c7812476f378728bdf590ca4b771ec72385c533964653c68e86bdc/pygments-2.19.2-py3-none-any.whl", hash = "sha256:86540386c03d588bb81d44bc3928634ff26449851e99741617ecb9037ee5ec0b", size = 1225217, upload-time = "2025-06-21T13:39:07.939Z" },
]

[[package]]
name = "pytest"
version = "8.4.1"
source = { registry = "https://pypi.org/simple" }
dependencies = [
    { name = "colorama", marker = "sys_platform == 'win32'" },
    { name = "iniconfig" },
    { name = "packaging" },
    { name = "pluggy" },
    { name = "pygments" },
]
sdist = { url = "https://files.pythonhosted.org/packages/08/ba/45911d754e8eba3d5a841a5ce61a65a685ff1798421ac054f85aa8747dfb/pytest-8.4.1.tar.gz", hash = "sha256:7c67fd69174877359ed9371ec3af8a3d2b04741818c51e5e99cc1742251fa93c", size = 1517714, upload-time = "2025-06-18T05:48:06.109Z" }
wheels = [
    { url = "https://files.pythonhosted.org/packages/29/16/c8a903f4c4dffe7a12843191437d7cd8e32751d5de349d45d3fe69544e87/pytest-8.4.1-py3-none-any.whl", hash = "sha256:539c70ba6fcead8e78eebbf1115e8b589e7565830d7d006a8723f19ac8a0afb7", size = 365474, upload-time = "2025-06-18T05:48:03.955Z" },
]

[[package]]
name = "rust-sasa-python"
source = { editable = "." }

[package.optional-dependencies]
dev = [
    { name = "maturin" },
    { name = "pytest" },
]

[package.metadata]
requires-dist = [
    { name = "maturin", marker = "extra == 'dev'", specifier = ">=1.5,<2.0" },
    { name = "pytest", marker = "extra == 'dev'", specifier = ">=8.4.1" },
]
provides-extras = ["dev"]
